
Microsoft Visual Studio Solution File, Format Version 12.00
# Visual Studio Version 16
VisualStudioVersion = 16.0.32126.315
MinimumVisualStudioVersion = 10.0.40219.1
Project("{FAE04EC0-301F-11D3-BF4B-00C04F79EFBC}") = "Nauja Repozitorija", "Nauja Repozitorija.csproj", "{A3FD76A7-FD3A-4E43-82DF-E3CD265595D2}"
EndProject
Global
	GlobalSection(SolutionConfigurationPlatforms) = preSolution
		Debug|Any CPU = Debug|Any CPU
		Release|Any CPU = Release|Any CPU
	EndGlobalSection
	GlobalSection(ProjectConfigurationPlatforms) = postSolution
		{A3FD76A7-FD3A-4E43-82DF-E3CD265595D2}.Debug|Any CPU.ActiveCfg = Debug|Any CPU
		{A3FD76A7-FD3A-4E43-82DF-E3CD265595D2}.Debug|Any CPU.Build.0 = Debug|Any CPU
		{A3FD76A7-FD3A-4E43-82DF-E3CD265595D2}.Release|Any CPU.ActiveCfg = Release|Any CPU
		{A3FD76A7-FD3A-4E43-82DF-E3CD265595D2}.Release|Any CPU.Build.0 = Release|Any CPU
	EndGlobalSection
	GlobalSection(SolutionProperties) = preSolution
		HideSolutionNode = FALSE
	EndGlobalSection
	GlobalSection(ExtensibilityGlobals) = postSolution
		SolutionGuid = {488F6680-8BB8-43A3-9E4F-F91601DB0003}
	EndGlobalSection
EndGlobal
